
Microsoft Visual Studio Solution File, Format Version 12.00
# Visual Studio 14
VisualStudioVersion = 14.0.25029.0
MinimumVisualStudioVersion = 10.0.40219.1
Project("{FAE04EC0-301F-11D3-BF4B-00C04F79EFBC}") = "Shioi", "Shioi\Shioi.csproj", "{1BA7C4A7-2884-4824-9336-1994D222AF32}"
EndProject
Global
	GlobalSection(SolutionConfigurationPlatforms) = preSolution
		Debug|Any CPU = Debug|Any CPU
		Release|Any CPU = Release|Any CPU
	EndGlobalSection
	GlobalSection(ProjectConfigurationPlatforms) = postSolution
		{1BA7C4A7-2884-4824-9336-1994D222AF32}.Debug|Any CPU.ActiveCfg = Debug|Any CPU
		{1BA7C4A7-2884-4824-9336-1994D222AF32}.Debug|Any CPU.Build.0 = Debug|Any CPU
		{1BA7C4A7-2884-4824-9336-1994D222AF32}.Release|Any CPU.ActiveCfg = Release|Any CPU
		{1BA7C4A7-2884-4824-9336-1994D222AF32}.Release|Any CPU.Build.0 = Release|Any CPU
	EndGlobalSection
	GlobalSection(SolutionProperties) = preSolution
		HideSolutionNode = FALSE
	EndGlobalSection
EndGlobal
